// !$*UTF8*$!
{
	archiveVersion = 1;
	classes = {
	};
	objectVersion = 46;
	objects = {

/* Begin PBXBuildFile section */
		198FACDD7C833557859003AB /* libstdc++.tbd in Frameworks */ = {isa = PBXBuildFile; fileRef = 8321B3A82DCFAB38845C43EB /* libstdc++.tbd */; };
		2D27A16C6D98B640C2670ADD /* libsqlite3.tbd in Frameworks */ = {isa = PBXBuildFile; fileRef = 71EE64811CDD9141464D6799 /* libsqlite3.tbd */; };
		3B96E90B0484F38F75D5728D /* UIKit.framework in Frameworks */ = {isa = PBXBuildFile; fileRef = 250FAA17EE83869F9366C697 /* UIKit.framework */; };
		3C1C09B21BE0612C00571E72 /* Localizable.strings in Resources */ = {isa = PBXBuildFile; fileRef = 3C1C09B41BE0612C00571E72 /* Localizable.strings */; };
		47ABF585B26C08B7DD3D3814 /* CoreGraphics.framework in Frameworks */ = {isa = PBXBuildFile; fileRef = F02E288DCB42EAAD1258057B /* CoreGraphics.framework */; };
		52DFC3371BB1EB36CB125FF1 /* ImageIO.framework in Frameworks */ = {isa = PBXBuildFile; fileRef = EC251BDD867C6661C0D64562 /* ImageIO.framework */; };
		5A500F96188FB34B0022E07C /* Foundation.framework in Frameworks */ = {isa = PBXBuildFile; fileRef = 5A500F95188FB34B0022E07C /* Foundation.framework */; };
		5A500F9D188FB34B0022E07C /* EUExEmail.m in Sources */ = {isa = PBXBuildFile; fileRef = 5A500F9C188FB34B0022E07C /* EUExEmail.m */; };
		5A500FC2188FB3EB0022E07C /* Email.m in Sources */ = {isa = PBXBuildFile; fileRef = 5A500FC1188FB3EB0022E07C /* Email.m */; };
		728545797CCC0BAF64316C80 /* uexEmail.bundle in Resources */ = {isa = PBXBuildFile; fileRef = 64AAB7AB05B682DA81FDFEEE /* uexEmail.bundle */; };
		BA43C6493D63637B84C9C898 /* libz.tbd in Frameworks */ = {isa = PBXBuildFile; fileRef = BD6F9E4856CDE36BD2AD7E01 /* libz.tbd */; };
		C0D578E69D2E461425A70160 /* AppCanEngine.framework in Frameworks */ = {isa = PBXBuildFile; fileRef = D06C205F359C82686CF4CDA2 /* AppCanEngine.framework */; };
		D40BE0162F7F5598FA712EE4 /* QuartzCore.framework in Frameworks */ = {isa = PBXBuildFile; fileRef = 7371DAAB86A39F6EE06B9FE3 /* QuartzCore.framework */; };
		D6C8DFE215CF3BE7B3ECB9CF /* SystemConfiguration.framework in Frameworks */ = {isa = PBXBuildFile; fileRef = 78134591AC294008662F5558 /* SystemConfiguration.framework */; };
		D6F13A278859DBC254F48F9E /* CFNetWork.framework in Frameworks */ = {isa = PBXBuildFile; fileRef = 6FE1965686D7A7DC5E33833B /* CFNetWork.framework */; };
		D8107AE2C8F641624E959A3A /* libc++.tbd in Frameworks */ = {isa = PBXBuildFile; fileRef = A00D951AA2DA8DBE98F301CE /* libc++.tbd */; };
		E2C9CFDF2293ED51C4CA7CCC /* MapKit.framework in Frameworks */ = {isa = PBXBuildFile; fileRef = E8C6A4F9404A221C7B0AC318 /* MapKit.framework */; };
		EF690647E625D4597E1B3959 /* AudioToolbox.framework in Frameworks */ = {isa = PBXBuildFile; fileRef = B3E7DA4A60705A300912CE7E /* AudioToolbox.framework */; };
		FA1323B3D30F59EE5DC1A8FE /* MobileCoreServices.framework in Frameworks */ = {isa = PBXBuildFile; fileRef = 1B5402AF18340CE6CD85382F /* MobileCoreServices.framework */; };
/* End PBXBuildFile section */

/* Begin PBXContainerItemProxy section */
		3C1AD57C1BD5F20D0091D2A1 /* PBXContainerItemProxy */ = {
			isa = PBXContainerItemProxy;
			containerPortal = 5A500F8A188FB34B0022E07C /* Project object */;
			proxyType = 1;
			remoteGlobalIDString = 3C1AD5751BD5F1B40091D2A1;
			remoteInfo = uexEmailBundle;
		};
/* End PBXContainerItemProxy section */

/* Begin PBXCopyFilesBuildPhase section */
		5A500F90188FB34B0022E07C /* CopyFiles */ = {
			isa = PBXCopyFilesBuildPhase;
			buildActionMask = 2147483647;
			dstPath = "include/$(PRODUCT_NAME)";
			dstSubfolderSpec = 16;
			files = (
			);
			runOnlyForDeploymentPostprocessing = 0;
		};
/* End PBXCopyFilesBuildPhase section */

/* Begin PBXFileReference section */
		1B5402AF18340CE6CD85382F /* MobileCoreServices.framework */ = {isa = PBXFileReference; fileEncoding = 4; lastKnownFileType = wrapper.framework; name = MobileCoreServices.framework; path = System/Library/Frameworks/MobileCoreServices.framework; sourceTree = SDKROOT; };
		250FAA17EE83869F9366C697 /* UIKit.framework */ = {isa = PBXFileReference; fileEncoding = 4; lastKnownFileType = wrapper.framework; name = UIKit.framework; path = System/Library/Frameworks/UIKit.framework; sourceTree = SDKROOT; };
		3C1AD5761BD5F1B40091D2A1 /* uexEmail.bundle */ = {isa = PBXFileReference; explicitFileType = wrapper.cfbundle; includeInIndex = 0; path = uexEmail.bundle; sourceTree = BUILT_PRODUCTS_DIR; };
		3C1C09B31BE0612C00571E72 /* en */ = {isa = PBXFileReference; lastKnownFileType = text.plist.strings; name = en; path = en.lproj/Localizable.strings; sourceTree = "<group>"; };
		3C1C09B51BE0612D00571E72 /* zh-Hans */ = {isa = PBXFileReference; lastKnownFileType = text.plist.strings; name = "zh-Hans"; path = "zh-Hans.lproj/Localizable.strings"; sourceTree = "<group>"; };
		5A500F92188FB34B0022E07C /* uexEmail.framework */ = {isa = PBXFileReference; explicitFileType = wrapper.framework; includeInIndex = 0; path = uexEmail.framework; sourceTree = BUILT_PRODUCTS_DIR; };
		5A500F95188FB34B0022E07C /* Foundation.framework */ = {isa = PBXFileReference; lastKnownFileType = wrapper.framework; name = Foundation.framework; path = System/Library/Frameworks/Foundation.framework; sourceTree = SDKROOT; };
		5A500F99188FB34B0022E07C /* EUExEmail.temp_caseinsensitive_rename-Prefix.pch */ = {isa = PBXFileReference; lastKnownFileType = sourcecode.c.h; path = "EUExEmail.temp_caseinsensitive_rename-Prefix.pch"; sourceTree = "<group>"; };
		5A500F9C188FB34B0022E07C /* EUExEmail.m */ = {isa = PBXFileReference; lastKnownFileType = sourcecode.c.objc; path = EUExEmail.m; sourceTree = "<group>"; };
		5A500FA3188FB34B0022E07C /* XCTest.framework */ = {isa = PBXFileReference; lastKnownFileType = wrapper.framework; name = XCTest.framework; path = Library/Frameworks/XCTest.framework; sourceTree = DEVELOPER_DIR; };
		5A500FA6188FB34B0022E07C /* UIKit.framework */ = {isa = PBXFileReference; lastKnownFileType = wrapper.framework; name = UIKit.framework; path = Library/Frameworks/UIKit.framework; sourceTree = DEVELOPER_DIR; };
		5A500FBC188FB3EB0022E07C /* EUExBase.h */ = {isa = PBXFileReference; fileEncoding = 4; lastKnownFileType = sourcecode.c.h; path = EUExBase.h; sourceTree = "<group>"; };
		5A500FBD188FB3EB0022E07C /* EUExBaseDefine.h */ = {isa = PBXFileReference; fileEncoding = 4; lastKnownFileType = sourcecode.c.h; path = EUExBaseDefine.h; sourceTree = "<group>"; };
		5A500FBE188FB3EB0022E07C /* EUtility.h */ = {isa = PBXFileReference; fileEncoding = 4; lastKnownFileType = sourcecode.c.h; path = EUtility.h; sourceTree = "<group>"; };
		5A500FC0188FB3EB0022E07C /* Email.h */ = {isa = PBXFileReference; fileEncoding = 4; lastKnownFileType = sourcecode.c.h; path = Email.h; sourceTree = "<group>"; };
		5A500FC1188FB3EB0022E07C /* Email.m */ = {isa = PBXFileReference; fileEncoding = 4; lastKnownFileType = sourcecode.c.objc; path = Email.m; sourceTree = "<group>"; };
		64AAB7AB05B682DA81FDFEEE /* uexEmail.bundle */ = {isa = PBXFileReference; fileEncoding = 4; lastKnownFileType = wrapper.cfbundle; name = uexEmail.bundle; path = uexEmail/uexEmail.bundle; sourceTree = "<group>"; };
		6FE1965686D7A7DC5E33833B /* CFNetWork.framework */ = {isa = PBXFileReference; fileEncoding = 4; lastKnownFileType = wrapper.framework; name = CFNetWork.framework; path = System/Library/Frameworks/CFNetWork.framework; sourceTree = SDKROOT; };
		71EE64811CDD9141464D6799 /* libsqlite3.tbd */ = {isa = PBXFileReference; fileEncoding = 4; lastKnownFileType = archive.ar; name = libsqlite3.tbd; path = usr/lib/libsqlite3.tbd; sourceTree = SDKROOT; };
		7371DAAB86A39F6EE06B9FE3 /* QuartzCore.framework */ = {isa = PBXFileReference; fileEncoding = 4; lastKnownFileType = wrapper.framework; name = QuartzCore.framework; path = System/Library/Frameworks/QuartzCore.framework; sourceTree = SDKROOT; };
		78134591AC294008662F5558 /* SystemConfiguration.framework */ = {isa = PBXFileReference; fileEncoding = 4; lastKnownFileType = wrapper.framework; name = SystemConfiguration.framework; path = System/Library/Frameworks/SystemConfiguration.framework; sourceTree = SDKROOT; };
		8321B3A82DCFAB38845C43EB /* libstdc++.tbd */ = {isa = PBXFileReference; fileEncoding = 4; lastKnownFileType = archive.ar; name = "libstdc++.tbd"; path = "usr/lib/libstdc++.tbd"; sourceTree = SDKROOT; };
		83D70D4BFDA73CA2C3FA74C3 /* info.plist */ = {isa = PBXFileReference; fileEncoding = 4; lastKnownFileType = text.plist.strings; name = info.plist; path = "../../../AppCanPluginTools-iOS/resource/IDEPluginProjectPackageResource/info.plist"; sourceTree = "<group>"; };
		A00D951AA2DA8DBE98F301CE /* libc++.tbd */ = {isa = PBXFileReference; fileEncoding = 4; lastKnownFileType = archive.ar; name = "libc++.tbd"; path = "usr/lib/libc++.tbd"; sourceTree = SDKROOT; };
		A0EB589B18AB61F700F133BB /* EUExEmail.h */ = {isa = PBXFileReference; lastKnownFileType = sourcecode.c.h; path = EUExEmail.h; sourceTree = "<group>"; };
		B3E7DA4A60705A300912CE7E /* AudioToolbox.framework */ = {isa = PBXFileReference; fileEncoding = 4; lastKnownFileType = wrapper.framework; name = AudioToolbox.framework; path = System/Library/Frameworks/AudioToolbox.framework; sourceTree = SDKROOT; };
		BD6F9E4856CDE36BD2AD7E01 /* libz.tbd */ = {isa = PBXFileReference; fileEncoding = 4; lastKnownFileType = archive.ar; name = libz.tbd; path = usr/lib/libz.tbd; sourceTree = SDKROOT; };
		D06C205F359C82686CF4CDA2 /* AppCanEngine.framework */ = {isa = PBXFileReference; fileEncoding = 4; lastKnownFileType = wrapper.framework; name = AppCanEngine.framework; path = "../../../AppCanPluginTools-iOS/resource/IDEPluginProjectPackageResource/AppCanEngine.framework"; sourceTree = "<group>"; };
		E8C6A4F9404A221C7B0AC318 /* MapKit.framework */ = {isa = PBXFileReference; fileEncoding = 4; lastKnownFileType = wrapper.framework; name = MapKit.framework; path = System/Library/Frameworks/MapKit.framework; sourceTree = SDKROOT; };
		EC251BDD867C6661C0D64562 /* ImageIO.framework */ = {isa = PBXFileReference; fileEncoding = 4; lastKnownFileType = wrapper.framework; name = ImageIO.framework; path = System/Library/Frameworks/ImageIO.framework; sourceTree = SDKROOT; };
		F02E288DCB42EAAD1258057B /* CoreGraphics.framework */ = {isa = PBXFileReference; fileEncoding = 4; lastKnownFileType = wrapper.framework; name = CoreGraphics.framework; path = System/Library/Frameworks/CoreGraphics.framework; sourceTree = SDKROOT; };
/* End PBXFileReference section */

/* Begin PBXFrameworksBuildPhase section */
		3C1AD5731BD5F1B40091D2A1 /* Frameworks */ = {
			isa = PBXFrameworksBuildPhase;
			buildActionMask = 2147483647;
			files = (
			);
			runOnlyForDeploymentPostprocessing = 0;
		};
		5A500F8F188FB34B0022E07C /* Frameworks */ = {
			isa = PBXFrameworksBuildPhase;
			buildActionMask = 2147483647;
			files = (
				5A500F96188FB34B0022E07C /* Foundation.framework in Frameworks */,
				E2C9CFDF2293ED51C4CA7CCC /* MapKit.framework in Frameworks */,
				EF690647E625D4597E1B3959 /* AudioToolbox.framework in Frameworks */,
				D6C8DFE215CF3BE7B3ECB9CF /* SystemConfiguration.framework in Frameworks */,
				52DFC3371BB1EB36CB125FF1 /* ImageIO.framework in Frameworks */,
				D6F13A278859DBC254F48F9E /* CFNetWork.framework in Frameworks */,
				FA1323B3D30F59EE5DC1A8FE /* MobileCoreServices.framework in Frameworks */,
				3B96E90B0484F38F75D5728D /* UIKit.framework in Frameworks */,
				47ABF585B26C08B7DD3D3814 /* CoreGraphics.framework in Frameworks */,
				D40BE0162F7F5598FA712EE4 /* QuartzCore.framework in Frameworks */,
				D8107AE2C8F641624E959A3A /* libc++.tbd in Frameworks */,
				198FACDD7C833557859003AB /* libstdc++.tbd in Frameworks */,
				2D27A16C6D98B640C2670ADD /* libsqlite3.tbd in Frameworks */,
				BA43C6493D63637B84C9C898 /* libz.tbd in Frameworks */,
				C0D578E69D2E461425A70160 /* AppCanEngine.framework in Frameworks */,
			);
			runOnlyForDeploymentPostprocessing = 0;
		};
/* End PBXFrameworksBuildPhase section */

/* Begin PBXGroup section */
		3C1AD5771BD5F1B40091D2A1 /* uexEmailBundle */ = {
			isa = PBXGroup;
			children = (
				3C1C09B41BE0612C00571E72 /* Localizable.strings */,
			);
			path = uexEmailBundle;
			sourceTree = "<group>";
		};
		5A500F89188FB34B0022E07C = {
			isa = PBXGroup;
			children = (
				5A500F97188FB34B0022E07C /* EUExEmail */,
				3C1AD5771BD5F1B40091D2A1 /* uexEmailBundle */,
				5A500F94188FB34B0022E07C /* Frameworks */,
				5A500F93188FB34B0022E07C /* Products */,
				6A0EDABF25B313C0862FFC05 /* IDE-Frameworks */,
				E3B032673A787399C73A4170 /* AppCanEngine */,
				64AAB7AB05B682DA81FDFEEE /* uexEmail.bundle */,
			);
			sourceTree = "<group>";
		};
		5A500F93188FB34B0022E07C /* Products */ = {
			isa = PBXGroup;
			children = (
				5A500F92188FB34B0022E07C /* uexEmail.framework */,
				3C1AD5761BD5F1B40091D2A1 /* uexEmail.bundle */,
			);
			name = Products;
			sourceTree = "<group>";
		};
		5A500F94188FB34B0022E07C /* Frameworks */ = {
			isa = PBXGroup;
			children = (
				5A500F95188FB34B0022E07C /* Foundation.framework */,
				5A500FA3188FB34B0022E07C /* XCTest.framework */,
				5A500FA6188FB34B0022E07C /* UIKit.framework */,
			);
			name = Frameworks;
			sourceTree = "<group>";
		};
		5A500F97188FB34B0022E07C /* EUExEmail */ = {
			isa = PBXGroup;
			children = (
				A0EB589B18AB61F700F133BB /* EUExEmail.h */,
				5A500FBB188FB3EB0022E07C /* engineHeader */,
				5A500FBF188FB3EB0022E07C /* sourceCode */,
				5A500F9C188FB34B0022E07C /* EUExEmail.m */,
				5A500F98188FB34B0022E07C /* Supporting Files */,
			);
			name = EUExEmail;
			path = EUExEMail;
			sourceTree = "<group>";
		};
		5A500F98188FB34B0022E07C /* Supporting Files */ = {
			isa = PBXGroup;
			children = (
				5A500F99188FB34B0022E07C /* EUExEmail.temp_caseinsensitive_rename-Prefix.pch */,
			);
			name = "Supporting Files";
			sourceTree = "<group>";
		};
		5A500FBB188FB3EB0022E07C /* engineHeader */ = {
			isa = PBXGroup;
			children = (
				5A500FBC188FB3EB0022E07C /* EUExBase.h */,
				5A500FBD188FB3EB0022E07C /* EUExBaseDefine.h */,
				5A500FBE188FB3EB0022E07C /* EUtility.h */,
			);
			path = engineHeader;
			sourceTree = "<group>";
		};
		5A500FBF188FB3EB0022E07C /* sourceCode */ = {
			isa = PBXGroup;
			children = (
				5A500FC0188FB3EB0022E07C /* Email.h */,
				5A500FC1188FB3EB0022E07C /* Email.m */,
			);
			path = sourceCode;
			sourceTree = "<group>";
		};
		6A0EDABF25B313C0862FFC05 /* IDE-Frameworks */ = {
			isa = PBXGroup;
			children = (
				E8C6A4F9404A221C7B0AC318 /* MapKit.framework */,
				B3E7DA4A60705A300912CE7E /* AudioToolbox.framework */,
				78134591AC294008662F5558 /* SystemConfiguration.framework */,
				EC251BDD867C6661C0D64562 /* ImageIO.framework */,
				6FE1965686D7A7DC5E33833B /* CFNetWork.framework */,
				1B5402AF18340CE6CD85382F /* MobileCoreServices.framework */,
				250FAA17EE83869F9366C697 /* UIKit.framework */,
				F02E288DCB42EAAD1258057B /* CoreGraphics.framework */,
				7371DAAB86A39F6EE06B9FE3 /* QuartzCore.framework */,
				A00D951AA2DA8DBE98F301CE /* libc++.tbd */,
				8321B3A82DCFAB38845C43EB /* libstdc++.tbd */,
				71EE64811CDD9141464D6799 /* libsqlite3.tbd */,
				BD6F9E4856CDE36BD2AD7E01 /* libz.tbd */,
			);
			path = "IDE-Frameworks";
			sourceTree = "<group>";
		};
		E3B032673A787399C73A4170 /* AppCanEngine */ = {
			isa = PBXGroup;
			children = (
				D06C205F359C82686CF4CDA2 /* AppCanEngine.framework */,
				83D70D4BFDA73CA2C3FA74C3 /* info.plist */,
			);
			path = AppCanEngine;
			sourceTree = "<group>";
		};
/* End PBXGroup section */

/* Begin PBXNativeTarget section */
		3C1AD5751BD5F1B40091D2A1 /* uexEmailBundle */ = {
			isa = PBXNativeTarget;
			buildConfigurationList = 3C1AD57B1BD5F1B40091D2A1 /* Build configuration list for PBXNativeTarget "uexEmailBundle" */;
			buildPhases = (
				3C1AD5721BD5F1B40091D2A1 /* Sources */,
				3C1AD5731BD5F1B40091D2A1 /* Frameworks */,
				3C1AD5741BD5F1B40091D2A1 /* Resources */,
			);
			buildRules = (
			);
			dependencies = (
			);
			name = uexEmailBundle;
			productName = uexEmailBundle;
			productReference = 3C1AD5761BD5F1B40091D2A1 /* uexEmail.bundle */;
			productType = "com.apple.product-type.bundle";
		};
		5A500F91188FB34B0022E07C /* EUExEmail */ = {
			isa = PBXNativeTarget;
			buildConfigurationList = 5A500FB5188FB34B0022E07C /* Build configuration list for PBXNativeTarget "EUExEmail" */;
			buildPhases = (
				5A500F8E188FB34B0022E07C /* Sources */,
				5A500F8F188FB34B0022E07C /* Frameworks */,
				5A500F90188FB34B0022E07C /* CopyFiles */,
				132014F994DD42A781814863 /* Resources */,
			);
			buildRules = (
			);
			dependencies = (
				3C1AD57D1BD5F20D0091D2A1 /* PBXTargetDependency */,
			);
			name = EUExEmail;
			productName = EUExEMail;
			productReference = 5A500F92188FB34B0022E07C /* uexEmail.framework */;
			productType = "com.apple.product-type.framework";
		};
/* End PBXNativeTarget section */

/* Begin PBXProject section */
		5A500F8A188FB34B0022E07C /* Project object */ = {
			isa = PBXProject;
			attributes = {
				LastUpgradeCheck = 0720;
				ORGANIZATIONNAME = xll;
				TargetAttributes = {
					3C1AD5751BD5F1B40091D2A1 = {
						CreatedOnToolsVersion = 7.0.1;
					};
				};
			};
			buildConfigurationList = 5A500F8D188FB34B0022E07C /* Build configuration list for PBXProject "EUExEmailIDE" */;
			compatibilityVersion = "Xcode 3.2";
			developmentRegion = English;
			hasScannedForEncodings = 0;
			knownRegions = (
				en,
				"zh-Hans",
			);
			mainGroup = 5A500F89188FB34B0022E07C;
			productRefGroup = 5A500F93188FB34B0022E07C /* Products */;
			projectDirPath = "";
			projectRoot = "";
			targets = (
				5A500F91188FB34B0022E07C /* EUExEmail */,
				3C1AD5751BD5F1B40091D2A1 /* uexEmailBundle */,
			);
		};
/* End PBXProject section */

/* Begin PBXResourcesBuildPhase section */
		132014F994DD42A781814863 /* Resources */ = {
			isa = PBXResourcesBuildPhase;
			buildActionMask = 2147483647;
			files = (
				728545797CCC0BAF64316C80 /* uexEmail.bundle in Resources */,
			);
			runOnlyForDeploymentPostprocessing = 0;
		};
		3C1AD5741BD5F1B40091D2A1 /* Resources */ = {
			isa = PBXResourcesBuildPhase;
			buildActionMask = 2147483647;
			files = (
				3C1C09B21BE0612C00571E72 /* Localizable.strings in Resources */,
			);
			runOnlyForDeploymentPostprocessing = 0;
		};
/* End PBXResourcesBuildPhase section */

/* Begin PBXSourcesBuildPhase section */
		3C1AD5721BD5F1B40091D2A1 /* Sources */ = {
			isa = PBXSourcesBuildPhase;
			buildActionMask = 2147483647;
			files = (
			);
			runOnlyForDeploymentPostprocessing = 0;
		};
		5A500F8E188FB34B0022E07C /* Sources */ = {
			isa = PBXSourcesBuildPhase;
			buildActionMask = 2147483647;
			files = (
				5A500FC2188FB3EB0022E07C /* Email.m in Sources */,
				5A500F9D188FB34B0022E07C /* EUExEmail.m in Sources */,
			);
			runOnlyForDeploymentPostprocessing = 0;
		};
/* End PBXSourcesBuildPhase section */

/* Begin PBXTargetDependency section */
		3C1AD57D1BD5F20D0091D2A1 /* PBXTargetDependency */ = {
			isa = PBXTargetDependency;
			target = 3C1AD5751BD5F1B40091D2A1 /* uexEmailBundle */;
			targetProxy = 3C1AD57C1BD5F20D0091D2A1 /* PBXContainerItemProxy */;
		};
/* End PBXTargetDependency section */

/* Begin PBXVariantGroup section */
		3C1C09B41BE0612C00571E72 /* Localizable.strings */ = {
			isa = PBXVariantGroup;
			children = (
				3C1C09B31BE0612C00571E72 /* en */,
				3C1C09B51BE0612D00571E72 /* zh-Hans */,
			);
			name = Localizable.strings;
			sourceTree = "<group>";
		};
/* End PBXVariantGroup section */

/* Begin XCBuildConfiguration section */
		3C1AD5791BD5F1B40091D2A1 /* Debug */ = {
			isa = XCBuildConfiguration;
			buildSettings = {
				CLANG_ENABLE_OBJC_ARC = YES;
				CLANG_WARN_UNREACHABLE_CODE = YES;
				COMBINE_HIDPI_IMAGES = YES;
				CONFIGURATION_BUILD_DIR = $SRCROOT/uexEmail;
				DEBUG_INFORMATION_FORMAT = dwarf;
				ENABLE_STRICT_OBJC_MSGSEND = YES;
				ENABLE_TESTABILITY = YES;
				GCC_NO_COMMON_BLOCKS = YES;
				GCC_WARN_UNINITIALIZED_AUTOS = YES_AGGRESSIVE;
				INFOPLIST_FILE = "";
				INSTALL_PATH = "$(LOCAL_LIBRARY_DIR)/Bundles";
				MACOSX_DEPLOYMENT_TARGET = 10.10;
				MTL_ENABLE_DEBUG_INFO = YES;
				ONLY_ACTIVE_ARCH = YES;
				PRODUCT_BUNDLE_IDENTIFIER = com.zywx.uexEmailBundle;
				PRODUCT_MODULE_NAME = uexEmail;
				PRODUCT_NAME = uexEmail;
				SDKROOT = macosx;
				SKIP_INSTALL = YES;
				WRAPPER_EXTENSION = bundle;
			};
			name = Debug;
		};
		3C1AD57A1BD5F1B40091D2A1 /* Release */ = {
			isa = XCBuildConfiguration;
			buildSettings = {
				CLANG_ENABLE_OBJC_ARC = YES;
				CLANG_WARN_UNREACHABLE_CODE = YES;
				COMBINE_HIDPI_IMAGES = YES;
				CONFIGURATION_BUILD_DIR = $SRCROOT/uexEmail;
				COPY_PHASE_STRIP = NO;
				DEBUG_INFORMATION_FORMAT = "dwarf-with-dsym";
				ENABLE_STRICT_OBJC_MSGSEND = YES;
				GCC_NO_COMMON_BLOCKS = YES;
				GCC_WARN_UNINITIALIZED_AUTOS = YES_AGGRESSIVE;
				INFOPLIST_FILE = "";
				INSTALL_PATH = "$(LOCAL_LIBRARY_DIR)/Bundles";
				MACOSX_DEPLOYMENT_TARGET = 10.10;
				MTL_ENABLE_DEBUG_INFO = NO;
				PRODUCT_BUNDLE_IDENTIFIER = com.zywx.uexEmailBundle;
				PRODUCT_MODULE_NAME = uexEmail;
				PRODUCT_NAME = uexEmail;
				SDKROOT = macosx;
				SKIP_INSTALL = YES;
				WRAPPER_EXTENSION = bundle;
			};
			name = Release;
		};
		5A500FB3188FB34B0022E07C /* Debug */ = {
			isa = XCBuildConfiguration;
			buildSettings = {
				ALWAYS_SEARCH_USER_PATHS = NO;
				ARCHS = "$(ARCHS_STANDARD_INCLUDING_64_BIT)";
				CLANG_CXX_LANGUAGE_STANDARD = "gnu++0x";
				CLANG_CXX_LIBRARY = "libc++";
				CLANG_ENABLE_MODULES = YES;
				CLANG_ENABLE_OBJC_ARC = NO;
				CLANG_WARN_BOOL_CONVERSION = YES;
				CLANG_WARN_CONSTANT_CONVERSION = YES;
				CLANG_WARN_DIRECT_OBJC_ISA_USAGE = YES_ERROR;
				CLANG_WARN_EMPTY_BODY = YES;
				CLANG_WARN_ENUM_CONVERSION = YES;
				CLANG_WARN_INT_CONVERSION = YES;
				CLANG_WARN_OBJC_ROOT_CLASS = YES_ERROR;
				CLANG_WARN__DUPLICATE_METHOD_MATCH = YES;
				COPY_PHASE_STRIP = NO;
				DEBUG_INFORMATION_FORMAT = dwarf;
				GCC_C_LANGUAGE_STANDARD = gnu99;
				GCC_DYNAMIC_NO_PIC = NO;
				GCC_OPTIMIZATION_LEVEL = 0;
				GCC_PREPROCESSOR_DEFINITIONS = (
					"DEBUG=1",
					"$(inherited)",
				);
				GCC_SYMBOLS_PRIVATE_EXTERN = NO;
				GCC_WARN_64_TO_32_BIT_CONVERSION = YES;
				GCC_WARN_ABOUT_RETURN_TYPE = YES_ERROR;
				GCC_WARN_UNDECLARED_SELECTOR = YES;
				GCC_WARN_UNINITIALIZED_AUTOS = YES;
				GCC_WARN_UNUSED_FUNCTION = YES;
				GCC_WARN_UNUSED_VARIABLE = YES;
				IPHONEOS_DEPLOYMENT_TARGET = 8.0;
				ONLY_ACTIVE_ARCH = NO;
				SDKROOT = iphoneos;
				TARGETED_DEVICE_FAMILY = "1,2";
			};
			name = Debug;
		};
		5A500FB4188FB34B0022E07C /* Release */ = {
			isa = XCBuildConfiguration;
			buildSettings = {
				ALWAYS_SEARCH_USER_PATHS = NO;
				ARCHS = "$(ARCHS_STANDARD_INCLUDING_64_BIT)";
				CLANG_CXX_LANGUAGE_STANDARD = "gnu++0x";
				CLANG_CXX_LIBRARY = "libc++";
				CLANG_ENABLE_MODULES = YES;
				CLANG_ENABLE_OBJC_ARC = NO;
				CLANG_WARN_BOOL_CONVERSION = YES;
				CLANG_WARN_CONSTANT_CONVERSION = YES;
				CLANG_WARN_DIRECT_OBJC_ISA_USAGE = YES_ERROR;
				CLANG_WARN_EMPTY_BODY = YES;
				CLANG_WARN_ENUM_CONVERSION = YES;
				CLANG_WARN_INT_CONVERSION = YES;
				CLANG_WARN_OBJC_ROOT_CLASS = YES_ERROR;
				CLANG_WARN__DUPLICATE_METHOD_MATCH = YES;
				COPY_PHASE_STRIP = YES;
				DEBUG_INFORMATION_FORMAT = dwarf;
				ENABLE_NS_ASSERTIONS = NO;
				GCC_C_LANGUAGE_STANDARD = gnu99;
				GCC_WARN_64_TO_32_BIT_CONVERSION = YES;
				GCC_WARN_ABOUT_RETURN_TYPE = YES_ERROR;
				GCC_WARN_UNDECLARED_SELECTOR = YES;
				GCC_WARN_UNINITIALIZED_AUTOS = YES;
				GCC_WARN_UNUSED_FUNCTION = YES;
				GCC_WARN_UNUSED_VARIABLE = YES;
				IPHONEOS_DEPLOYMENT_TARGET = 8.0;
				ONLY_ACTIVE_ARCH = NO;
				SDKROOT = iphoneos;
				TARGETED_DEVICE_FAMILY = "1,2";
				VALIDATE_PRODUCT = YES;
			};
			name = Release;
		};
		5A500FB6188FB34B0022E07C /* Debug */ = {
			isa = XCBuildConfiguration;
			buildSettings = {
				ARCHS = "$(ARCHS_STANDARD)";
				BUNDLE_IDENTIFIER = com.appcan.ide;
				CODE_SIGN_IDENTITY = "iPhone Distribution: Hangzhou Sea King Biological Technology Co., Ltd.";
				CONFIGURATION_BUILD_DIR = "$(SRCROOT)/uexEmail/IDE/";
				DEBUG_INFORMATION_FORMAT = dwarf;
				DEFINES_MODULE = YES;
				DSTROOT = /tmp/EUExEMail.dst;
				DYLIB_COMPATIBILITY_VERSION = 1;
				DYLIB_CURRENT_VERSION = 1;
				DYLIB_INSTALL_NAME_BASE = "@rpath";
				ENABLE_BITCODE = NO;
				FRAMEWORK_SEARCH_PATHS = (
					"$(PROJECT_DIR)",
					"$(SRCROOT)/../../AppCanPluginTools-iOS/resource/IDEPluginProjectPackageResource",
				);
				GCC_PRECOMPILE_PREFIX_HEADER = YES;
				GCC_PREFIX_HEADER = "EUExEMail/EUExEmail.temp_caseinsensitive_rename-Prefix.pch";
				HEADER_SEARCH_PATHS = "$(SRCROOT)/../../AppCanPluginTools-iOS/resource/IDEPluginProjectPackageResource";
				INFOPLIST_FILE = "$(SRCROOT)/../../AppCanPluginTools-iOS/resource/IDEPluginProjectPackageResource/info.plist";
				INSTALL_PATH = "$(LOCAL_LIBRARY_DIR)/Frameworks";
				IPHONEOS_DEPLOYMENT_TARGET = 8.0;
				LD_RUNPATH_SEARCH_PATHS = "$(inherited) @executable_path/Frameworks @executable_path @loader_path/Frameworks @loader_path";
				LIBRARY_SEARCH_PATHS = (
					"$(inherited)",
					"$(SRCROOT)/../../AppCanPluginTools-iOS/resource/IDEPluginProjectPackageResource",
				);
				OTHER_LDFLAGS = "-ObjC";
				PRODUCT_NAME = uexEmail;
				PROVISIONING_PROFILE = "756a3ff2-be53-4d08-862a-c050d0dfa3d9";
				SKIP_INSTALL = YES;
			};
			name = Debug;
		};
		5A500FB7188FB34B0022E07C /* Release */ = {
			isa = XCBuildConfiguration;
			buildSettings = {
				ARCHS = "$(ARCHS_STANDARD)";
				BUNDLE_IDENTIFIER = com.appcan.ide;
				CODE_SIGN_IDENTITY = "iPhone Distribution: Hangzhou Sea King Biological Technology Co., Ltd.";
				CONFIGURATION_BUILD_DIR = "$(SRCROOT)/uexEmail/IDE/";
				DEBUG_INFORMATION_FORMAT = dwarf;
				DEFINES_MODULE = YES;
				DSTROOT = /tmp/EUExEMail.dst;
				DYLIB_COMPATIBILITY_VERSION = 1;
				DYLIB_CURRENT_VERSION = 1;
				DYLIB_INSTALL_NAME_BASE = "@rpath";
				ENABLE_BITCODE = NO;
				FRAMEWORK_SEARCH_PATHS = (
					"$(PROJECT_DIR)",
					"$(SRCROOT)/../../AppCanPluginTools-iOS/resource/IDEPluginProjectPackageResource",
				);
				GCC_PRECOMPILE_PREFIX_HEADER = YES;
				GCC_PREFIX_HEADER = "EUExEMail/EUExEmail.temp_caseinsensitive_rename-Prefix.pch";
				HEADER_SEARCH_PATHS = "$(SRCROOT)/../../AppCanPluginTools-iOS/resource/IDEPluginProjectPackageResource";
				INFOPLIST_FILE = "$(SRCROOT)/../../AppCanPluginTools-iOS/resource/IDEPluginProjectPackageResource/info.plist";
				INSTALL_PATH = "$(LOCAL_LIBRARY_DIR)/Frameworks";
				IPHONEOS_DEPLOYMENT_TARGET = 8.0;
				LD_RUNPATH_SEARCH_PATHS = "$(inherited) @executable_path/Frameworks @executable_path @loader_path/Frameworks @loader_path";
				LIBRARY_SEARCH_PATHS = (
					"$(inherited)",
					"$(SRCROOT)/../../AppCanPluginTools-iOS/resource/IDEPluginProjectPackageResource",
				);
				OTHER_LDFLAGS = "-ObjC";
				PRODUCT_NAME = uexEmail;
				PROVISIONING_PROFILE = "756a3ff2-be53-4d08-862a-c050d0dfa3d9";
				SKIP_INSTALL = YES;
			};
			name = Release;
		};
/* End XCBuildConfiguration section */

/* Begin XCConfigurationList section */
		3C1AD57B1BD5F1B40091D2A1 /* Build configuration list for PBXNativeTarget "uexEmailBundle" */ = {
			isa = XCConfigurationList;
			buildConfigurations = (
				3C1AD5791BD5F1B40091D2A1 /* Debug */,
				3C1AD57A1BD5F1B40091D2A1 /* Release */,
			);
			defaultConfigurationIsVisible = 0;
			defaultConfigurationName = Release;
		};
		5A500F8D188FB34B0022E07C /* Build configuration list for PBXProject "EUExEmailIDE" */ = {
			isa = XCConfigurationList;
			buildConfigurations = (
				5A500FB3188FB34B0022E07C /* Debug */,
				5A500FB4188FB34B0022E07C /* Release */,
			);
			defaultConfigurationIsVisible = 0;
			defaultConfigurationName = Release;
		};
		5A500FB5188FB34B0022E07C /* Build configuration list for PBXNativeTarget "EUExEmail" */ = {
			isa = XCConfigurationList;
			buildConfigurations = (
				5A500FB6188FB34B0022E07C /* Debug */,
				5A500FB7188FB34B0022E07C /* Release */,
			);
			defaultConfigurationIsVisible = 0;
			defaultConfigurationName = Release;
		};
/* End XCConfigurationList section */
	};
	rootObject = 5A500F8A188FB34B0022E07C /* Project object */;
}
